github.com/ralvarezdev/go-flags v0.3.2 h1:l3f62CD5NysLAJH5XqSRGiakU/dn4pTGdX4yaBlAmMw=
github.com/ralvarezdev/go-flags v0.3.2/go.mod h1:R3yVBYvzwqfOp26LidaiJ/zftVAnPC3pKunVpV/vosE=
github.com/ralvarezdev/go-flags v0.3.3 h1:1NpwdSD+uCMF5NP+szJmq/mXqNFZwrzKAfDNZOznDEQ=
github.com/ralvarezdev/go-flags v0.3.3/go.mod h1:R3yVBYvzwqfOp26LidaiJ/zftVAnPC3pKunVpV/vosE=
github.com/ralvarezdev/go-flags v0.3.5 h1:oUq2IIf3Bg63iOKoG/8HbS6yxHq5AWnMAykZRsMKcCw=
github.com/ralvarezdev/go-flags v0.3.5/go.mod h1:R3yVBYvzwqfOp26LidaiJ/zftVAnPC3pKunVpV/vosE=
github.com/ralvarezdev/go-logger v0.4.6 h1:eZalm0WAdNuhzbaVh5D7gC6AFztdpqE/GQfjH2pipyE=
github.com/ralvarezdev/go-logger v0.4.6/go.mod h1:zxuMDHqtV2eoJYtmo219lima0ZSk4p/AGj/cCc390P8=
github.com/ralvarezdev/go-logger v0.4.7 h1:kqg3lLZml+oBFavDCPA4M4olhwWUAUnfDmU1qA0z6Qs=
github.com/ralvarezdev/go-logger v0.4.7/go.mod h1:gOFbSSJ0rWqLtrNpwoOT3Gnim5aXo93lZC0cY0vU/yg=
github.com/ralvarezdev/go-reflect v0.2.4 h1:PLyzbrdNvUiRzpxSHuI9b7hJEhFes22gjNLZkbjn5AQ=
github.com/ralvarezdev/go-reflect v0.2.4/go.mod h1:jv3EqQfUixWtNeJd/Rnzf0IDcYZ1z3GApRdAGQHdHZQ=
github.com/ralvarezdev/go-reflect v0.2.5 h1:OWeT1n3jun0Xpuw/4CHzJqYJ7HGe2j2HuRY+HbTFj7w=
github.com/ralvarezdev/go-reflect v0.2.5/go.mod h1:jv3EqQfUixWtNeJd/Rnzf0IDcYZ1z3GApRdAGQHdHZQ=
github.com/ralvarezdev/go-reflect v0.2.6 h1:RsXT3QNApwLWsaolriGue5ogaEbORvj+Pv4hnermPDY=
github.com/ralvarezdev/go-reflect v0.2.6/go.mod h1:jv3EqQfUixWtNeJd/Rnzf0IDcYZ1z3GApRdAGQHdHZQ=
github.com/ralvarezdev/go-reflect v0.2.7 h1:u0+LnqSWLtrecYw530Giq5H0F3ZQtE3t1M7rEKKy96w=
github.com/ralvarezdev/go-reflect v0.2.7/go.mod h1:jv3EqQfUixWtNeJd/Rnzf0IDcYZ1z3GApRdAGQHdHZQ=
github.com/ralvarezdev/go-reflect v0.2.8 h1:6bmnMMxwxKvd2IBWG+BEVYnjUBYQfCNkoCvVos89t1M=
github.com/ralvarezdev/go-reflect v0.2.8/go.mod h1:jv3EqQfUixWtNeJd/Rnzf0IDcYZ1z3GApRdAGQHdHZQ=
github.com/ralvarezdev/go-strings v0.1.11 h1:3Vla7fGOs+4nyQ3NVaFz+XRP3CTv5JheGt0PXryBcMo=
github.com/ralvarezdev/go-strings v0.1.11/go.mod h1:8sFOqmPJpqzS7bTjf91EzUCITnwpmkfifwY80GxV5r8=
github.com/ralvarezdev/go-strings v0.1.12 h1:AtOPDJ4lVO+33p7O4uECdD4C4D037h256zWz9uQ5eIQ=
github.com/ralvarezdev/go-strings v0.1.12/go.mod h1:8sFOqmPJpqzS7bTjf91EzUCITnwpmkfifwY80GxV5r8=
github.com/ralvarezdev/go-strings v0.1.14 h1:NivBj8XzQ8mG/wS0mFKj2xlAIRpf+9QP56SJvPGJzGI=
github.com/ralvarezdev/go-strings v0.1.14/go.mod h1:8sFOqmPJpqzS7bTjf91EzUCITnwpmkfifwY80GxV5r8=
github.com/ralvarezdev/go-strings v0.1.15 h1:K+YnBiokOPNRvtVo7f2u0SyCjAILDVAqkRd2rgnBj4U=
github.com/ralvarezdev/go-strings v0.1.15/go.mod h1:8sFOqmPJpqzS7bTjf91EzUCITnwpmkfifwY80GxV5r8=
